summary: flock(1) locks files
webpage: https://github.com/discoteq/flock
version: 0.4.0
bin-url: https://github.com/leleliu008/uppm-package-repository-android-35-aarch64/releases/download/2025.01.24/flock-0.4.0-android-35-arm64-v8a.release.tar.xz
bin-sha: f6f672d2533c9af135ff20f615c5705deca823e8f03a5bd9194196ffcbd83dd7
